
Microsoft Visual Studio Solution File, Format Version 12.00
# Visual Studio Version 16
VisualStudioVersion = 16.0.32602.291
MinimumVisualStudioVersion = 10.0.40219.1
Project("{8BC9CEB8-8B4A-11D0-8D11-00A0C91BC942}") = "rgb888_to_rgb565", "rgb888_to_rgb565\rgb888_to_rgb565.vcxproj", "{86ED87A9-9104-4042-9F7B-D7E2AB446E0A}"
EndProject
Global
	GlobalSection(SolutionConfigurationPlatforms) = preSolution
		Debug|x64 = Debug|x64
		Debug|x86 = Debug|x86
		Release|x64 = Release|x64
		Release|x86 = Release|x86
	EndGlobalSection
	GlobalSection(ProjectConfigurationPlatforms) = postSolution
		{86ED87A9-9104-4042-9F7B-D7E2AB446E0A}.Debug|x64.ActiveCfg = Debug|x64
		{86ED87A9-9104-4042-9F7B-D7E2AB446E0A}.Debug|x64.Build.0 = Debug|x64
		{86ED87A9-9104-4042-9F7B-D7E2AB446E0A}.Debug|x86.ActiveCfg = Debug|Win32
		{86ED87A9-9104-4042-9F7B-D7E2AB446E0A}.Debug|x86.Build.0 = Debug|Win32
		{86ED87A9-9104-4042-9F7B-D7E2AB446E0A}.Release|x64.ActiveCfg = Release|x64
		{86ED87A9-9104-4042-9F7B-D7E2AB446E0A}.Release|x64.Build.0 = Release|x64
		{86ED87A9-9104-4042-9F7B-D7E2AB446E0A}.Release|x86.ActiveCfg = Release|Win32
		{86ED87A9-9104-4042-9F7B-D7E2AB446E0A}.Release|x86.Build.0 = Release|Win32
	EndGlobalSection
	GlobalSection(SolutionProperties) = preSolution
		HideSolutionNode = FALSE
	EndGlobalSection
	GlobalSection(ExtensibilityGlobals) = postSolution
		SolutionGuid = {995968D5-8009-4B6D-98B2-9EE91DF369F4}
	EndGlobalSection
EndGlobal
